
Microsoft Visual Studio Solution File, Format Version 12.00
# Visual Studio Version 17
VisualStudioVersion = 17.14.36109.1
MinimumVisualStudioVersion = 10.0.40219.1
Project("{FAE04EC0-301F-11D3-BF4B-00C04F79EFBC}") = "ErweiterterDateiOrganisator.Core", "ErweiterterDateiOrganisator.Core\ErweiterterDateiOrganisator.Core.csproj", "{EAB58DF3-349E-4691-B845-5FE4DB4092DE}"
EndProject
Project("{FAE04EC0-301F-11D3-BF4B-00C04F79EFBC}") = "ErweiterterDateiOrganisator.Tests", "ErweiterterDateiOrganisator.Tests\ErweiterterDateiOrganisator.Tests.csproj", "{7D55B203-58E7-4B51-8F9C-683904BCBF06}"
EndProject
Project("{FAE04EC0-301F-11D3-BF4B-00C04F79EFBC}") = "ErweiterterDateiOrganisator.Wpf", "ErweiterterDateiOrganisator.Wpf\ErweiterterDateiOrganisator.Wpf.csproj", "{66BC74FD-B9FF-49B2-B3D3-0C7501E696B4}"
EndProject
Global
	GlobalSection(SolutionConfigurationPlatforms) = preSolution
		Debug|Any CPU = Debug|Any CPU
		Release|Any CPU = Release|Any CPU
	EndGlobalSection
	GlobalSection(ProjectConfigurationPlatforms) = postSolution
		{EAB58DF3-349E-4691-B845-5FE4DB4092DE}.Debug|Any CPU.ActiveCfg = Debug|Any CPU
		{EAB58DF3-349E-4691-B845-5FE4DB4092DE}.Debug|Any CPU.Build.0 = Debug|Any CPU
		{EAB58DF3-349E-4691-B845-5FE4DB4092DE}.Release|Any CPU.ActiveCfg = Release|Any CPU
		{EAB58DF3-349E-4691-B845-5FE4DB4092DE}.Release|Any CPU.Build.0 = Release|Any CPU
		{7D55B203-58E7-4B51-8F9C-683904BCBF06}.Debug|Any CPU.ActiveCfg = Debug|Any CPU
		{7D55B203-58E7-4B51-8F9C-683904BCBF06}.Debug|Any CPU.Build.0 = Debug|Any CPU
		{7D55B203-58E7-4B51-8F9C-683904BCBF06}.Release|Any CPU.ActiveCfg = Release|Any CPU
		{7D55B203-58E7-4B51-8F9C-683904BCBF06}.Release|Any CPU.Build.0 = Release|Any CPU
		{66BC74FD-B9FF-49B2-B3D3-0C7501E696B4}.Debug|Any CPU.ActiveCfg = Debug|Any CPU
		{66BC74FD-B9FF-49B2-B3D3-0C7501E696B4}.Debug|Any CPU.Build.0 = Debug|Any CPU
		{66BC74FD-B9FF-49B2-B3D3-0C7501E696B4}.Release|Any CPU.ActiveCfg = Release|Any CPU
		{66BC74FD-B9FF-49B2-B3D3-0C7501E696B4}.Release|Any CPU.Build.0 = Release|Any CPU
	EndGlobalSection
	GlobalSection(SolutionProperties) = preSolution
		HideSolutionNode = FALSE
	EndGlobalSection
	GlobalSection(ExtensibilityGlobals) = postSolution
		SolutionGuid = {44B9412F-D697-4FAE-BFDF-92A9A0191E0D}
	EndGlobalSection
EndGlobal
